// !$*UTF8*$!
{
	archiveVersion = 1;
	classes = {
	};
	objectVersion = 51;
	objects = {

/* Begin PBXBuildFile section */
		0E529E1015252BD7D472587B /* Pods_Mobile_Application.framework in Frameworks */ = {isa = PBXBuildFile; fileRef = AEBA7D620BBB417A1014168D /* Pods_Mobile_Application.framework */; };
		1447E8EDCF89A0592342EBF2 /* Pods_Mobile_ApplicationUITests.framework in Frameworks */ = {isa = PBXBuildFile; fileRef = DB7E1F3B9E3CC4C323BA4346 /* Pods_Mobile_ApplicationUITests.framework */; };
		461B743D235C9BBF00BE93F2 /* EmailSignInViewController.swift in Sources */ = {isa = PBXBuildFile; fileRef = 461B743C235C9BBF00BE93F2 /* EmailSignInViewController.swift */; };
		461B743F235C9FDE00BE93F2 /* SignUpViewController.swift in Sources */ = {isa = PBXBuildFile; fileRef = 461B743E235C9FDE00BE93F2 /* SignUpViewController.swift */; };
		463C44CA234204B200F82242 /* leo.swift in Sources */ = {isa = PBXBuildFile; fileRef = 463C44C9234204B200F82242 /* leo.swift */; };
		4649833F2350D99900ED5842 /* LogInViewController.swift in Sources */ = {isa = PBXBuildFile; fileRef = 4649833E2350D99900ED5842 /* LogInViewController.swift */; };
		4658F4A02301C7620007E223 /* ComicDataModel.swift in Sources */ = {isa = PBXBuildFile; fileRef = 4658F49F2301C7620007E223 /* ComicDataModel.swift */; };
		4658F4A22301C8D60007E223 /* SerieDataModel.swift in Sources */ = {isa = PBXBuildFile; fileRef = 4658F4A12301C8D60007E223 /* SerieDataModel.swift */; };
		4658F4A42301CAF40007E223 /* CreatorDataModel.swift in Sources */ = {isa = PBXBuildFile; fileRef = 4658F4A32301CAF40007E223 /* CreatorDataModel.swift */; };
		4695D36E233D5F6C008EB61D /* ImageDataModel.swift in Sources */ = {isa = PBXBuildFile; fileRef = 4695D36D233D5F6C008EB61D /* ImageDataModel.swift */; };
		46D1BB48227C4B1B00219006 /* AppDelegate.swift in Sources */ = {isa = PBXBuildFile; fileRef = 46D1BB47227C4B1B00219006 /* AppDelegate.swift */; };
		46D1BB4D227C4B1B00219006 /* Main.storyboard in Resources */ = {isa = PBXBuildFile; fileRef = 46D1BB4B227C4B1B00219006 /* Main.storyboard */; };
		46D1BB4F227C4B1C00219006 /* Assets.xcassets in Resources */ = {isa = PBXBuildFile; fileRef = 46D1BB4E227C4B1C00219006 /* Assets.xcassets */; };
		46D1BB52227C4B1C00219006 /* LaunchScreen.storyboard in Resources */ = {isa = PBXBuildFile; fileRef = 46D1BB50227C4B1C00219006 /* LaunchScreen.storyboard */; };
		46D1BB5D227C4B1C00219006 /* Mobile_ApplicationTests.swift in Sources */ = {isa = PBXBuildFile; fileRef = 46D1BB5C227C4B1C00219006 /* Mobile_ApplicationTests.swift */; };
		46D1BB68227C4B1C00219006 /* Mobile_ApplicationUITests.swift in Sources */ = {isa = PBXBuildFile; fileRef = 46D1BB67227C4B1C00219006 /* Mobile_ApplicationUITests.swift */; };
		4C3305C29FABDCBF35035DB8 /* Pods_Mobile_ApplicationTests.framework in Frameworks */ = {isa = PBXBuildFile; fileRef = C0D5BE9E361AF9F8F45C63C4 /* Pods_Mobile_ApplicationTests.framework */; };
		C40915B622FC4D5C00FE0A1A /* IssueView.swift in Sources */ = {isa = PBXBuildFile; fileRef = C40915B522FC4D5C00FE0A1A /* IssueView.swift */; };
		C40915B822FC6B1900FE0A1A /* ExpandableCellItem.swift in Sources */ = {isa = PBXBuildFile; fileRef = C40915B722FC6B1900FE0A1A /* ExpandableCellItem.swift */; };
		C40915BD22FC74D000FE0A1A /* HeaderView.swift in Sources */ = {isa = PBXBuildFile; fileRef = C40915BB22FC74D000FE0A1A /* HeaderView.swift */; };
		C40915BE22FC74D000FE0A1A /* HeaderView.xib in Resources */ = {isa = PBXBuildFile; fileRef = C40915BC22FC74D000FE0A1A /* HeaderView.xib */; };
		C413CE8D2382FA1E00D2AFA4 /* UserSeriesCollectionViewController.swift in Sources */ = {isa = PBXBuildFile; fileRef = C413CE8C2382FA1E00D2AFA4 /* UserSeriesCollectionViewController.swift */; };
		C413CE8F2382FFBB00D2AFA4 /* UserSeriesCollectionViewCell.swift in Sources */ = {isa = PBXBuildFile; fileRef = C413CE8E2382FFBB00D2AFA4 /* UserSeriesCollectionViewCell.swift */; };
		C41EBAE52345F2B6006D3F46 /* SeriesViewController.swift in Sources */ = {isa = PBXBuildFile; fileRef = C41EBAE42345F2B6006D3F46 /* SeriesViewController.swift */; };
		C46ECA8A2397D43D00AF7FA0 /* ToReadCollectionViewController.swift in Sources */ = {isa = PBXBuildFile; fileRef = C46ECA892397D43D00AF7FA0 /* ToReadCollectionViewController.swift */; };
		C46ECA8C239815C100AF7FA0 /* SearchViewController.swift in Sources */ = {isa = PBXBuildFile; fileRef = C46ECA8B239815C100AF7FA0 /* SearchViewController.swift */; };
		C48E83CF2350CD550017BAA6 /* ProfileViewController.swift in Sources */ = {isa = PBXBuildFile; fileRef = C48E83CE2350CD550017BAA6 /* ProfileViewController.swift */; };
		C48E83D12350D17D0017BAA6 /* SeriesCollectionViewCell.swift in Sources */ = {isa = PBXBuildFile; fileRef = C48E83D02350D17D0017BAA6 /* SeriesCollectionViewCell.swift */; };
		C4B69AAD23508BC700B2278F /* GoogleService-Info.plist in Resources */ = {isa = PBXBuildFile; fileRef = C4B69AAC23508BC700B2278F /* GoogleService-Info.plist */; };
		C4BA6943228EAB5100AB01AC /* Localizable.strings in Resources */ = {isa = PBXBuildFile; fileRef = C4BA6942228EAB5100AB01AC /* Localizable.strings */; };
		C4E48ED722FC90EB00E8359D /* IssueViewController.swift in Sources */ = {isa = PBXBuildFile; fileRef = C4E48ED622FC90EB00E8359D /* IssueViewController.swift */; };
		C4FAA84A228EBD810024B5E7 /* UpNextTableViewController.swift in Sources */ = {isa = PBXBuildFile; fileRef = C4FAA849228EBD810024B5E7 /* UpNextTableViewController.swift */; };
/* End PBXBuildFile section */

/* Begin PBXContainerItemProxy section */
		46D1BB59227C4B1C00219006 /* PBXContainerItemProxy */ = {
			isa = PBXContainerItemProxy;
			containerPortal = 46D1BB3C227C4B1B00219006 /* Project object */;
			proxyType = 1;
			remoteGlobalIDString = 46D1BB43227C4B1B00219006;
			remoteInfo = "Mobile-Application";
		};
		46D1BB64227C4B1C00219006 /* PBXContainerItemProxy */ = {
			isa = PBXContainerItemProxy;
			containerPortal = 46D1BB3C227C4B1B00219006 /* Project object */;
			proxyType = 1;
			remoteGlobalIDString = 46D1BB43227C4B1B00219006;
			remoteInfo = "Mobile-Application";
		};
/* End PBXContainerItemProxy section */

/* Begin PBXFileReference section */
		461B743C235C9BBF00BE93F2 /* EmailSignInViewController.swift */ = {isa = PBXFileReference; lastKnownFileType = sourcecode.swift; path = EmailSignInViewController.swift; sourceTree = "<group>"; };
		461B743E235C9FDE00BE93F2 /* SignUpViewController.swift */ = {isa = PBXFileReference; lastKnownFileType = sourcecode.swift; path = SignUpViewController.swift; sourceTree = "<group>"; };
		463C44C9234204B200F82242 /* leo.swift */ = {isa = PBXFileReference; lastKnownFileType = sourcecode.swift; path = leo.swift; sourceTree = "<group>"; };
		4649832D2350B87900ED5842 /* LogInViewController.swift */ = {isa = PBXFileReference; lastKnownFileType = sourcecode.swift; path = LogInViewController.swift; sourceTree = "<group>"; };
		464983312350C78200ED5842 /* LocalAuthentication.framework */ = {isa = PBXFileReference; lastKnownFileType = wrapper.framework; name = LocalAuthentication.framework; path = System/Library/Frameworks/LocalAuthentication.framework; sourceTree = SDKROOT; };
		464983332350C79400ED5842 /* SafariServices.framework */ = {isa = PBXFileReference; lastKnownFileType = wrapper.framework; name = SafariServices.framework; path = System/Library/Frameworks/SafariServices.framework; sourceTree = SDKROOT; };
		464983352350C7A400ED5842 /* AuthenticationServices.framework */ = {isa = PBXFileReference; lastKnownFileType = wrapper.framework; name = AuthenticationServices.framework; path = System/Library/Frameworks/AuthenticationServices.framework; sourceTree = SDKROOT; };
		464983372350C7B500ED5842 /* SystemConfiguration.framework */ = {isa = PBXFileReference; lastKnownFileType = wrapper.framework; name = SystemConfiguration.framework; path = System/Library/Frameworks/SystemConfiguration.framework; sourceTree = SDKROOT; };
		4649833E2350D99900ED5842 /* LogInViewController.swift */ = {isa = PBXFileReference; lastKnownFileType = sourcecode.swift; path = LogInViewController.swift; sourceTree = "<group>"; };
		4658F49F2301C7620007E223 /* ComicDataModel.swift */ = {isa = PBXFileReference; lastKnownFileType = sourcecode.swift; path = ComicDataModel.swift; sourceTree = "<group>"; };
		4658F4A12301C8D60007E223 /* SerieDataModel.swift */ = {isa = PBXFileReference; lastKnownFileType = sourcecode.swift; path = SerieDataModel.swift; sourceTree = "<group>"; };
		4658F4A32301CAF40007E223 /* CreatorDataModel.swift */ = {isa = PBXFileReference; lastKnownFileType = sourcecode.swift; path = CreatorDataModel.swift; sourceTree = "<group>"; };
		4695D36D233D5F6C008EB61D /* ImageDataModel.swift */ = {isa = PBXFileReference; lastKnownFileType = sourcecode.swift; path = ImageDataModel.swift; sourceTree = "<group>"; };
		46D1BB44227C4B1B00219006 /* Mobile-Application.app */ = {isa = PBXFileReference; explicitFileType = wrapper.application; includeInIndex = 0; path = "Mobile-Application.app"; sourceTree = BUILT_PRODUCTS_DIR; };
		46D1BB47227C4B1B00219006 /* AppDelegate.swift */ = {isa = PBXFileReference; lastKnownFileType = sourcecode.swift; path = AppDelegate.swift; sourceTree = "<group>"; };
		46D1BB4C227C4B1B00219006 /* Base */ = {isa = PBXFileReference; lastKnownFileType = file.storyboard; name = Base; path = Base.lproj/Main.storyboard; sourceTree = "<group>"; };
		46D1BB4E227C4B1C00219006 /* Assets.xcassets */ = {isa = PBXFileReference; lastKnownFileType = folder.assetcatalog; path = Assets.xcassets; sourceTree = "<group>"; };
		46D1BB51227C4B1C00219006 /* Base */ = {isa = PBXFileReference; lastKnownFileType = file.storyboard; name = Base; path = Base.lproj/LaunchScreen.storyboard; sourceTree = "<group>"; };
		46D1BB53227C4B1C00219006 /* Info.plist */ = {isa = PBXFileReference; lastKnownFileType = text.plist.xml; path = Info.plist; sourceTree = "<group>"; };
		46D1BB58227C4B1C00219006 /* Mobile-ApplicationTests.xctest */ = {isa = PBXFileReference; explicitFileType = wrapper.cfbundle; includeInIndex = 0; path = "Mobile-ApplicationTests.xctest"; sourceTree = BUILT_PRODUCTS_DIR; };
		46D1BB5C227C4B1C00219006 /* Mobile_ApplicationTests.swift */ = {isa = PBXFileReference; lastKnownFileType = sourcecode.swift; path = Mobile_ApplicationTests.swift; sourceTree = "<group>"; };
		46D1BB5E227C4B1C00219006 /* Info.plist */ = {isa = PBXFileReference; lastKnownFileType = text.plist.xml; path = Info.plist; sourceTree = "<group>"; };
		46D1BB63227C4B1C00219006 /* Mobile-ApplicationUITests.xctest */ = {isa = PBXFileReference; explicitFileType = wrapper.cfbundle; includeInIndex = 0; path = "Mobile-ApplicationUITests.xctest"; sourceTree = BUILT_PRODUCTS_DIR; };
		46D1BB67227C4B1C00219006 /* Mobile_ApplicationUITests.swift */ = {isa = PBXFileReference; lastKnownFileType = sourcecode.swift; path = Mobile_ApplicationUITests.swift; sourceTree = "<group>"; };
		46D1BB69227C4B1C00219006 /* Info.plist */ = {isa = PBXFileReference; lastKnownFileType = text.plist.xml; path = Info.plist; sourceTree = "<group>"; };
		7447D0FCC0EACB4D3D8D3DC6 /* Pods-Mobile-Application.debug.xcconfig */ = {isa = PBXFileReference; includeInIndex = 1; lastKnownFileType = text.xcconfig; name = "Pods-Mobile-Application.debug.xcconfig"; path = "Target Support Files/Pods-Mobile-Application/Pods-Mobile-Application.debug.xcconfig"; sourceTree = "<group>"; };
		78A00105BB3D2A256BD64D34 /* Pods-Mobile-ApplicationUITests.release.xcconfig */ = {isa = PBXFileReference; includeInIndex = 1; lastKnownFileType = text.xcconfig; name = "Pods-Mobile-ApplicationUITests.release.xcconfig"; path = "Target Support Files/Pods-Mobile-ApplicationUITests/Pods-Mobile-ApplicationUITests.release.xcconfig"; sourceTree = "<group>"; };
		857B67A118FB5370A4820EDF /* Pods-Mobile-ApplicationTests.release.xcconfig */ = {isa = PBXFileReference; includeInIndex = 1; lastKnownFileType = text.xcconfig; name = "Pods-Mobile-ApplicationTests.release.xcconfig"; path = "Target Support Files/Pods-Mobile-ApplicationTests/Pods-Mobile-ApplicationTests.release.xcconfig"; sourceTree = "<group>"; };
		AEBA7D620BBB417A1014168D /* Pods_Mobile_Application.framework */ = {isa = PBXFileReference; explicitFileType = wrapper.framework; includeInIndex = 0; path = Pods_Mobile_Application.framework; sourceTree = BUILT_PRODUCTS_DIR; };
		B32F614BACCDB841940F2269 /* Pods-Mobile-ApplicationUITests.debug.xcconfig */ = {isa = PBXFileReference; includeInIndex = 1; lastKnownFileType = text.xcconfig; name = "Pods-Mobile-ApplicationUITests.debug.xcconfig"; path = "Target Support Files/Pods-Mobile-ApplicationUITests/Pods-Mobile-ApplicationUITests.debug.xcconfig"; sourceTree = "<group>"; };
		C0D5BE9E361AF9F8F45C63C4 /* Pods_Mobile_ApplicationTests.framework */ = {isa = PBXFileReference; explicitFileType = wrapper.framework; includeInIndex = 0; path = Pods_Mobile_ApplicationTests.framework; sourceTree = BUILT_PRODUCTS_DIR; };
		C40915B522FC4D5C00FE0A1A /* IssueView.swift */ = {isa = PBXFileReference; lastKnownFileType = sourcecode.swift; path = IssueView.swift; sourceTree = "<group>"; };
		C40915B722FC6B1900FE0A1A /* ExpandableCellItem.swift */ = {isa = PBXFileReference; lastKnownFileType = sourcecode.swift; path = ExpandableCellItem.swift; sourceTree = "<group>"; };
		C40915BB22FC74D000FE0A1A /* HeaderView.swift */ = {isa = PBXFileReference; lastKnownFileType = sourcecode.swift; path = HeaderView.swift; sourceTree = "<group>"; };
		C40915BC22FC74D000FE0A1A /* HeaderView.xib */ = {isa = PBXFileReference; lastKnownFileType = file.xib; path = HeaderView.xib; sourceTree = "<group>"; };
		C413CE8C2382FA1E00D2AFA4 /* UserSeriesCollectionViewController.swift */ = {isa = PBXFileReference; lastKnownFileType = sourcecode.swift; path = UserSeriesCollectionViewController.swift; sourceTree = "<group>"; };
		C413CE8E2382FFBB00D2AFA4 /* UserSeriesCollectionViewCell.swift */ = {isa = PBXFileReference; lastKnownFileType = sourcecode.swift; path = UserSeriesCollectionViewCell.swift; sourceTree = "<group>"; };
		C41EBAE42345F2B6006D3F46 /* SeriesViewController.swift */ = {isa = PBXFileReference; lastKnownFileType = sourcecode.swift; path = SeriesViewController.swift; sourceTree = "<group>"; };
		C46ECA892397D43D00AF7FA0 /* ToReadCollectionViewController.swift */ = {isa = PBXFileReference; lastKnownFileType = sourcecode.swift; path = ToReadCollectionViewController.swift; sourceTree = "<group>"; };
		C46ECA8B239815C100AF7FA0 /* SearchViewController.swift */ = {isa = PBXFileReference; lastKnownFileType = sourcecode.swift; path = SearchViewController.swift; sourceTree = "<group>"; };
		C48E83CE2350CD550017BAA6 /* ProfileViewController.swift */ = {isa = PBXFileReference; lastKnownFileType = sourcecode.swift; path = ProfileViewController.swift; sourceTree = "<group>"; };
		C48E83D02350D17D0017BAA6 /* SeriesCollectionViewCell.swift */ = {isa = PBXFileReference; lastKnownFileType = sourcecode.swift; path = SeriesCollectionViewCell.swift; sourceTree = "<group>"; };
		C4B69AAC23508BC700B2278F /* GoogleService-Info.plist */ = {isa = PBXFileReference; fileEncoding = 4; lastKnownFileType = text.plist.xml; path = "GoogleService-Info.plist"; sourceTree = "<group>"; };
		C4BA6940228EA7F300AB01AC /* it */ = {isa = PBXFileReference; lastKnownFileType = text.plist.strings; name = it; path = it.lproj/Main.strings; sourceTree = "<group>"; };
		C4BA6941228EA7F300AB01AC /* it */ = {isa = PBXFileReference; lastKnownFileType = text.plist.strings; name = it; path = it.lproj/LaunchScreen.strings; sourceTree = "<group>"; };
		C4BA6942228EAB5100AB01AC /* Localizable.strings */ = {isa = PBXFileReference; lastKnownFileType = text.plist.strings; path = Localizable.strings; sourceTree = "<group>"; };
		C4BA6945228EAF9000AB01AC /* en */ = {isa = PBXFileReference; lastKnownFileType = text.plist.strings; name = en; path = en.lproj/Main.strings; sourceTree = "<group>"; };
		C4E48ED622FC90EB00E8359D /* IssueViewController.swift */ = {isa = PBXFileReference; lastKnownFileType = sourcecode.swift; path = IssueViewController.swift; sourceTree = "<group>"; };
		C4FAA849228EBD810024B5E7 /* UpNextTableViewController.swift */ = {isa = PBXFileReference; lastKnownFileType = sourcecode.swift; path = UpNextTableViewController.swift; sourceTree = "<group>"; };
		DB5288A42B5D8564B869E54A /* Pods-Mobile-Application.release.xcconfig */ = {isa = PBXFileReference; includeInIndex = 1; lastKnownFileType = text.xcconfig; name = "Pods-Mobile-Application.release.xcconfig"; path = "Target Support Files/Pods-Mobile-Application/Pods-Mobile-Application.release.xcconfig"; sourceTree = "<group>"; };
		DB7E1F3B9E3CC4C323BA4346 /* Pods_Mobile_ApplicationUITests.framework */ = {isa = PBXFileReference; explicitFileType = wrapper.framework; includeInIndex = 0; path = Pods_Mobile_ApplicationUITests.framework; sourceTree = BUILT_PRODUCTS_DIR; };
		DC5C1F6E8B508F1E76A5E199 /* Pods-Mobile-ApplicationTests.debug.xcconfig */ = {isa = PBXFileReference; includeInIndex = 1; lastKnownFileType = text.xcconfig; name = "Pods-Mobile-ApplicationTests.debug.xcconfig"; path = "Target Support Files/Pods-Mobile-ApplicationTests/Pods-Mobile-ApplicationTests.debug.xcconfig"; sourceTree = "<group>"; };
/* End PBXFileReference section */

/* Begin PBXFrameworksBuildPhase section */
		46D1BB41227C4B1B00219006 /* Frameworks */ = {
			isa = PBXFrameworksBuildPhase;
			buildActionMask = 2147483647;
			files = (
				0E529E1015252BD7D472587B /* Pods_Mobile_Application.framework in Frameworks */,
			);
			runOnlyForDeploymentPostprocessing = 0;
		};
		46D1BB55227C4B1C00219006 /* Frameworks */ = {
			isa = PBXFrameworksBuildPhase;
			buildActionMask = 2147483647;
			files = (
				4C3305C29FABDCBF35035DB8 /* Pods_Mobile_ApplicationTests.framework in Frameworks */,
			);
			runOnlyForDeploymentPostprocessing = 0;
		};
		46D1BB60227C4B1C00219006 /* Frameworks */ = {
			isa = PBXFrameworksBuildPhase;
			buildActionMask = 2147483647;
			files = (
				1447E8EDCF89A0592342EBF2 /* Pods_Mobile_ApplicationUITests.framework in Frameworks */,
			);
			runOnlyForDeploymentPostprocessing = 0;
		};
/* End PBXFrameworksBuildPhase section */

/* Begin PBXGroup section */
		4609B39823017C0E00D08382 /* Controller */ = {
			isa = PBXGroup;
			children = (
				46D1BB47227C4B1B00219006 /* AppDelegate.swift */,
				C40915B522FC4D5C00FE0A1A /* IssueView.swift */,
				C4FAA849228EBD810024B5E7 /* UpNextTableViewController.swift */,
				C4E48ED622FC90EB00E8359D /* IssueViewController.swift */,
				C40915BB22FC74D000FE0A1A /* HeaderView.swift */,
				C40915B722FC6B1900FE0A1A /* ExpandableCellItem.swift */,
				463C44C9234204B200F82242 /* leo.swift */,
				C41EBAE42345F2B6006D3F46 /* SeriesViewController.swift */,
				C48E83CE2350CD550017BAA6 /* ProfileViewController.swift */,
				C48E83D02350D17D0017BAA6 /* SeriesCollectionViewCell.swift */,
				4649833E2350D99900ED5842 /* LogInViewController.swift */,
				461B743C235C9BBF00BE93F2 /* EmailSignInViewController.swift */,
				461B743E235C9FDE00BE93F2 /* SignUpViewController.swift */,
				C413CE8C2382FA1E00D2AFA4 /* UserSeriesCollectionViewController.swift */,
				C413CE8E2382FFBB00D2AFA4 /* UserSeriesCollectionViewCell.swift */,
				C46ECA892397D43D00AF7FA0 /* ToReadCollectionViewController.swift */,
				C46ECA8B239815C100AF7FA0 /* SearchViewController.swift */,
			);
			path = Controller;
			sourceTree = "<group>";
		};
		4609B39923017C1900D08382 /* View */ = {
			isa = PBXGroup;
			children = (
				46D1BB4E227C4B1C00219006 /* Assets.xcassets */,
				46D1BB50227C4B1C00219006 /* LaunchScreen.storyboard */,
				46D1BB4B227C4B1B00219006 /* Main.storyboard */,
			);
			path = View;
			sourceTree = "<group>";
		};
		4609B39A23017C6300D08382 /* Modell */ = {
			isa = PBXGroup;
			children = (
				4658F49F2301C7620007E223 /* ComicDataModel.swift */,
				4658F4A12301C8D60007E223 /* SerieDataModel.swift */,
				4658F4A32301CAF40007E223 /* CreatorDataModel.swift */,
				4695D36D233D5F6C008EB61D /* ImageDataModel.swift */,
			);
			path = Modell;
			sourceTree = "<group>";
		};
		464983392350D7E500ED5842 /* Recovered References */ = {
			isa = PBXGroup;
			children = (
				4649832D2350B87900ED5842 /* LogInViewController.swift */,
			);
			name = "Recovered References";
			sourceTree = "<group>";
		};
		46D1BB3B227C4B1B00219006 = {
			isa = PBXGroup;
			children = (
				46D1BB46227C4B1B00219006 /* Mobile-Application */,
				46D1BB5B227C4B1C00219006 /* Mobile-ApplicationTests */,
				46D1BB66227C4B1C00219006 /* Mobile-ApplicationUITests */,
				46D1BB45227C4B1B00219006 /* Products */,
				ACCD51179FC4172B793178E4 /* Pods */,
				CF2DA1939B612995706DD583 /* Frameworks */,
				464983392350D7E500ED5842 /* Recovered References */,
			);
			sourceTree = "<group>";
		};
		46D1BB45227C4B1B00219006 /* Products */ = {
			isa = PBXGroup;
			children = (
				46D1BB44227C4B1B00219006 /* Mobile-Application.app */,
				46D1BB58227C4B1C00219006 /* Mobile-ApplicationTests.xctest */,
				46D1BB63227C4B1C00219006 /* Mobile-ApplicationUITests.xctest */,
			);
			name = Products;
			sourceTree = "<group>";
		};
		46D1BB46227C4B1B00219006 /* Mobile-Application */ = {
			isa = PBXGroup;
			children = (
				4609B39A23017C6300D08382 /* Modell */,
				4609B39923017C1900D08382 /* View */,
				4609B39823017C0E00D08382 /* Controller */,
				46D1BB53227C4B1C00219006 /* Info.plist */,
				C4B69AAC23508BC700B2278F /* GoogleService-Info.plist */,
				C4BA6942228EAB5100AB01AC /* Localizable.strings */,
				C40915BC22FC74D000FE0A1A /* HeaderView.xib */,
			);
			path = "Mobile-Application";
			sourceTree = "<group>";
		};
		46D1BB5B227C4B1C00219006 /* Mobile-ApplicationTests */ = {
			isa = PBXGroup;
			children = (
				46D1BB5C227C4B1C00219006 /* Mobile_ApplicationTests.swift */,
				46D1BB5E227C4B1C00219006 /* Info.plist */,
			);
			path = "Mobile-ApplicationTests";
			sourceTree = "<group>";
		};
		46D1BB66227C4B1C00219006 /* Mobile-ApplicationUITests */ = {
			isa = PBXGroup;
			children = (
				46D1BB67227C4B1C00219006 /* Mobile_ApplicationUITests.swift */,
				46D1BB69227C4B1C00219006 /* Info.plist */,
			);
			path = "Mobile-ApplicationUITests";
			sourceTree = "<group>";
		};
		ACCD51179FC4172B793178E4 /* Pods */ = {
			isa = PBXGroup;
			children = (
				7447D0FCC0EACB4D3D8D3DC6 /* Pods-Mobile-Application.debug.xcconfig */,
				DB5288A42B5D8564B869E54A /* Pods-Mobile-Application.release.xcconfig */,
				DC5C1F6E8B508F1E76A5E199 /* Pods-Mobile-ApplicationTests.debug.xcconfig */,
				857B67A118FB5370A4820EDF /* Pods-Mobile-ApplicationTests.release.xcconfig */,
				B32F614BACCDB841940F2269 /* Pods-Mobile-ApplicationUITests.debug.xcconfig */,
				78A00105BB3D2A256BD64D34 /* Pods-Mobile-ApplicationUITests.release.xcconfig */,
			);
			path = Pods;
			sourceTree = "<group>";
		};
		CF2DA1939B612995706DD583 /* Frameworks */ = {
			isa = PBXGroup;
			children = (
				464983372350C7B500ED5842 /* SystemConfiguration.framework */,
				464983352350C7A400ED5842 /* AuthenticationServices.framework */,
				464983332350C79400ED5842 /* SafariServices.framework */,
				464983312350C78200ED5842 /* LocalAuthentication.framework */,
				AEBA7D620BBB417A1014168D /* Pods_Mobile_Application.framework */,
				C0D5BE9E361AF9F8F45C63C4 /* Pods_Mobile_ApplicationTests.framework */,
				DB7E1F3B9E3CC4C323BA4346 /* Pods_Mobile_ApplicationUITests.framework */,
			);
			name = Frameworks;
			sourceTree = "<group>";
		};
/* End PBXGroup section */

/* Begin PBXNativeTarget section */
		46D1BB43227C4B1B00219006 /* Mobile-Application */ = {
			isa = PBXNativeTarget;
			buildConfigurationList = 46D1BB6C227C4B1C00219006 /* Build configuration list for PBXNativeTarget "Mobile-Application" */;
			buildPhases = (
				1D5F6DB93762C173B3CD9C7B /* [CP] Check Pods Manifest.lock */,
				46D1BB40227C4B1B00219006 /* Sources */,
				46D1BB41227C4B1B00219006 /* Frameworks */,
				46D1BB42227C4B1B00219006 /* Resources */,
				AF344F43DE782E9C41BF6E18 /* [CP] Embed Pods Frameworks */,
				93A1972664A6E46460DDD64F /* [CP] Copy Pods Resources */,
			);
			buildRules = (
			);
			dependencies = (
			);
			name = "Mobile-Application";
			productName = "Mobile-Application";
			productReference = 46D1BB44227C4B1B00219006 /* Mobile-Application.app */;
			productType = "com.apple.product-type.application";
		};
		46D1BB57227C4B1C00219006 /* Mobile-ApplicationTests */ = {
			isa = PBXNativeTarget;
			buildConfigurationList = 46D1BB6F227C4B1C00219006 /* Build configuration list for PBXNativeTarget "Mobile-ApplicationTests" */;
			buildPhases = (
				136A5BF584390CB2166292BF /* [CP] Check Pods Manifest.lock */,
				46D1BB54227C4B1C00219006 /* Sources */,
				46D1BB55227C4B1C00219006 /* Frameworks */,
				46D1BB56227C4B1C00219006 /* Resources */,
			);
			buildRules = (
			);
			dependencies = (
				46D1BB5A227C4B1C00219006 /* PBXTargetDependency */,
			);
			name = "Mobile-ApplicationTests";
			productName = "Mobile-ApplicationTests";
			productReference = 46D1BB58227C4B1C00219006 /* Mobile-ApplicationTests.xctest */;
			productType = "com.apple.product-type.bundle.unit-test";
		};
		46D1BB62227C4B1C00219006 /* Mobile-ApplicationUITests */ = {
			isa = PBXNativeTarget;
			buildConfigurationList = 46D1BB72227C4B1C00219006 /* Build configuration list for PBXNativeTarget "Mobile-ApplicationUITests" */;
			buildPhases = (
				137D7FA67479B594DB6C44D2 /* [CP] Check Pods Manifest.lock */,
				46D1BB5F227C4B1C00219006 /* Sources */,
				46D1BB60227C4B1C00219006 /* Frameworks */,
				46D1BB61227C4B1C00219006 /* Resources */,
			);
			buildRules = (
			);
			dependencies = (
				46D1BB65227C4B1C00219006 /* PBXTargetDependency */,
			);
			name = "Mobile-ApplicationUITests";
			productName = "Mobile-ApplicationUITests";
			productReference = 46D1BB63227C4B1C00219006 /* Mobile-ApplicationUITests.xctest */;
			productType = "com.apple.product-type.bundle.ui-testing";
		};
/* End PBXNativeTarget section */

/* Begin PBXProject section */
		46D1BB3C227C4B1B00219006 /* Project object */ = {
			isa = PBXProject;
			attributes = {
				LastSwiftUpdateCheck = 1020;
				LastUpgradeCheck = 1020;
				ORGANIZATIONNAME = "Leonardo Febbo";
				TargetAttributes = {
					46D1BB43227C4B1B00219006 = {
						CreatedOnToolsVersion = 10.2.1;
					};
					46D1BB57227C4B1C00219006 = {
						CreatedOnToolsVersion = 10.2.1;
						TestTargetID = 46D1BB43227C4B1B00219006;
					};
					46D1BB62227C4B1C00219006 = {
						CreatedOnToolsVersion = 10.2.1;
						TestTargetID = 46D1BB43227C4B1B00219006;
					};
				};
			};
			buildConfigurationList = 46D1BB3F227C4B1B00219006 /* Build configuration list for PBXProject "Mobile-Application" */;
			compatibilityVersion = "Xcode 9.3";
			developmentRegion = en;
			hasScannedForEncodings = 0;
			knownRegions = (
				en,
				Base,
				it,
			);
			mainGroup = 46D1BB3B227C4B1B00219006;
			productRefGroup = 46D1BB45227C4B1B00219006 /* Products */;
			projectDirPath = "";
			projectRoot = "";
			targets = (
				46D1BB43227C4B1B00219006 /* Mobile-Application */,
				46D1BB57227C4B1C00219006 /* Mobile-ApplicationTests */,
				46D1BB62227C4B1C00219006 /* Mobile-ApplicationUITests */,
			);
		};
/* End PBXProject section */

/* Begin PBXResourcesBuildPhase section */
		46D1BB42227C4B1B00219006 /* Resources */ = {
			isa = PBXResourcesBuildPhase;
			buildActionMask = 2147483647;
			files = (
				46D1BB52227C4B1C00219006 /* LaunchScreen.storyboard in Resources */,
				C40915BE22FC74D000FE0A1A /* HeaderView.xib in Resources */,
				C4BA6943228EAB5100AB01AC /* Localizable.strings in Resources */,
				46D1BB4F227C4B1C00219006 /* Assets.xcassets in Resources */,
				46D1BB4D227C4B1B00219006 /* Main.storyboard in Resources */,
				C4B69AAD23508BC700B2278F /* GoogleService-Info.plist in Resources */,
			);
			runOnlyForDeploymentPostprocessing = 0;
		};
		46D1BB56227C4B1C00219006 /* Resources */ = {
			isa = PBXResourcesBuildPhase;
			buildActionMask = 2147483647;
			files = (
			);
			runOnlyForDeploymentPostprocessing = 0;
		};
		46D1BB61227C4B1C00219006 /* Resources */ = {
			isa = PBXResourcesBuildPhase;
			buildActionMask = 2147483647;
			files = (
			);
			runOnlyForDeploymentPostprocessing = 0;
		};
/* End PBXResourcesBuildPhase section */

/* Begin PBXShellScriptBuildPhase section */
		136A5BF584390CB2166292BF /* [CP] Check Pods Manifest.lock */ = {
			isa = PBXShellScriptBuildPhase;
			buildActionMask = 2147483647;
			files = (
			);
			inputFileListPaths = (
			);
			inputPaths = (
				"${PODS_PODFILE_DIR_PATH}/Podfile.lock",
				"${PODS_ROOT}/Manifest.lock",
			);
			name = "[CP] Check Pods Manifest.lock";
			outputFileListPaths = (
			);
			outputPaths = (
				"$(DERIVED_FILE_DIR)/Pods-Mobile-ApplicationTests-checkManifestLockResult.txt",
			);
			runOnlyForDeploymentPostprocessing = 0;
			shellPath = /bin/sh;
			shellScript = "diff \"${PODS_PODFILE_DIR_PATH}/Podfile.lock\" \"${PODS_ROOT}/Manifest.lock\" > /dev/null\nif [ $? != 0 ] ; then\n    # print error to STDERR\n    echo \"error: The sandbox is not in sync with the Podfile.lock. Run 'pod install' or update your CocoaPods installation.\" >&2\n    exit 1\nfi\n# This output is used by Xcode 'outputs' to avoid re-running this script phase.\necho \"SUCCESS\" > \"${SCRIPT_OUTPUT_FILE_0}\"\n";
			showEnvVarsInLog = 0;
		};
		137D7FA67479B594DB6C44D2 /* [CP] Check Pods Manifest.lock */ = {
			isa = PBXShellScriptBuildPhase;
			buildActionMask = 2147483647;
			files = (
			);
			inputFileListPaths = (
			);
			inputPaths = (
				"${PODS_PODFILE_DIR_PATH}/Podfile.lock",
				"${PODS_ROOT}/Manifest.lock",
			);
			name = "[CP] Check Pods Manifest.lock";
			outputFileListPaths = (
			);
			outputPaths = (
				"$(DERIVED_FILE_DIR)/Pods-Mobile-ApplicationUITests-checkManifestLockResult.txt",
			);
			runOnlyForDeploymentPostprocessing = 0;
			shellPath = /bin/sh;
			shellScript = "diff \"${PODS_PODFILE_DIR_PATH}/Podfile.lock\" \"${PODS_ROOT}/Manifest.lock\" > /dev/null\nif [ $? != 0 ] ; then\n    # print error to STDERR\n    echo \"error: The sandbox is not in sync with the Podfile.lock. Run 'pod install' or update your CocoaPods installation.\" >&2\n    exit 1\nfi\n# This output is used by Xcode 'outputs' to avoid re-running this script phase.\necho \"SUCCESS\" > \"${SCRIPT_OUTPUT_FILE_0}\"\n";
			showEnvVarsInLog = 0;
		};
		1D5F6DB93762C173B3CD9C7B /* [CP] Check Pods Manifest.lock */ = {
			isa = PBXShellScriptBuildPhase;
			buildActionMask = 2147483647;
			files = (
			);
			inputFileListPaths = (
			);
			inputPaths = (
				"${PODS_PODFILE_DIR_PATH}/Podfile.lock",
				"${PODS_ROOT}/Manifest.lock",
			);
			name = "[CP] Check Pods Manifest.lock";
			outputFileListPaths = (
			);
			outputPaths = (
				"$(DERIVED_FILE_DIR)/Pods-Mobile-Application-checkManifestLockResult.txt",
			);
			runOnlyForDeploymentPostprocessing = 0;
			shellPath = /bin/sh;
			shellScript = "diff \"${PODS_PODFILE_DIR_PATH}/Podfile.lock\" \"${PODS_ROOT}/Manifest.lock\" > /dev/null\nif [ $? != 0 ] ; then\n    # print error to STDERR\n    echo \"error: The sandbox is not in sync with the Podfile.lock. Run 'pod install' or update your CocoaPods installation.\" >&2\n    exit 1\nfi\n# This output is used by Xcode 'outputs' to avoid re-running this script phase.\necho \"SUCCESS\" > \"${SCRIPT_OUTPUT_FILE_0}\"\n";
			showEnvVarsInLog = 0;
		};
		93A1972664A6E46460DDD64F /* [CP] Copy Pods Resources */ = {
			isa = PBXShellScriptBuildPhase;
			buildActionMask = 2147483647;
			files = (
			);
			inputFileListPaths = (
				"${PODS_ROOT}/Target Support Files/Pods-Mobile-Application/Pods-Mobile-Application-resources-${CONFIGURATION}-input-files.xcfilelist",
			);
			name = "[CP] Copy Pods Resources";
			outputFileListPaths = (
				"${PODS_ROOT}/Target Support Files/Pods-Mobile-Application/Pods-Mobile-Application-resources-${CONFIGURATION}-output-files.xcfilelist",
			);
			runOnlyForDeploymentPostprocessing = 0;
			shellPath = /bin/sh;
			shellScript = "\"${PODS_ROOT}/Target Support Files/Pods-Mobile-Application/Pods-Mobile-Application-resources.sh\"\n";
			showEnvVarsInLog = 0;
		};
		AF344F43DE782E9C41BF6E18 /* [CP] Embed Pods Frameworks */ = {
			isa = PBXShellScriptBuildPhase;
			buildActionMask = 2147483647;
			files = (
			);
			inputFileListPaths = (
				"${PODS_ROOT}/Target Support Files/Pods-Mobile-Application/Pods-Mobile-Application-frameworks-${CONFIGURATION}-input-files.xcfilelist",
			);
			name = "[CP] Embed Pods Frameworks";
			outputFileListPaths = (
				"${PODS_ROOT}/Target Support Files/Pods-Mobile-Application/Pods-Mobile-Application-frameworks-${CONFIGURATION}-output-files.xcfilelist",
			);
			runOnlyForDeploymentPostprocessing = 0;
			shellPath = /bin/sh;
			shellScript = "\"${PODS_ROOT}/Target Support Files/Pods-Mobile-Application/Pods-Mobile-Application-frameworks.sh\"\n";
			showEnvVarsInLog = 0;
		};
/* End PBXShellScriptBuildPhase section */

/* Begin PBXSourcesBuildPhase section */
		46D1BB40227C4B1B00219006 /* Sources */ = {
			isa = PBXSourcesBuildPhase;
			buildActionMask = 2147483647;
			files = (
				4658F4A02301C7620007E223 /* ComicDataModel.swift in Sources */,
				C48E83D12350D17D0017BAA6 /* SeriesCollectionViewCell.swift in Sources */,
				4695D36E233D5F6C008EB61D /* ImageDataModel.swift in Sources */,
				4658F4A42301CAF40007E223 /* CreatorDataModel.swift in Sources */,
				C41EBAE52345F2B6006D3F46 /* SeriesViewController.swift in Sources */,
				461B743F235C9FDE00BE93F2 /* SignUpViewController.swift in Sources */,
				463C44CA234204B200F82242 /* leo.swift in Sources */,
				C4E48ED722FC90EB00E8359D /* IssueViewController.swift in Sources */,
				4658F4A22301C8D60007E223 /* SerieDataModel.swift in Sources */,
				C40915BD22FC74D000FE0A1A /* HeaderView.swift in Sources */,
				C413CE8D2382FA1E00D2AFA4 /* UserSeriesCollectionViewController.swift in Sources */,
				461B743D235C9BBF00BE93F2 /* EmailSignInViewController.swift in Sources */,
				46D1BB48227C4B1B00219006 /* AppDelegate.swift in Sources */,
				C46ECA8A2397D43D00AF7FA0 /* ToReadCollectionViewController.swift in Sources */,
				C4FAA84A228EBD810024B5E7 /* UpNextTableViewController.swift in Sources */,
				C46ECA8C239815C100AF7FA0 /* SearchViewController.swift in Sources */,
				4649833F2350D99900ED5842 /* LogInViewController.swift in Sources */,
				C48E83CF2350CD550017BAA6 /* ProfileViewController.swift in Sources */,
				C40915B822FC6B1900FE0A1A /* ExpandableCellItem.swift in Sources */,
				C413CE8F2382FFBB00D2AFA4 /* UserSeriesCollectionViewCell.swift in Sources */,
				C40915B622FC4D5C00FE0A1A /* IssueView.swift in Sources */,
			);
			runOnlyForDeploymentPostprocessing = 0;
		};
		46D1BB54227C4B1C00219006 /* Sources */ = {
			isa = PBXSourcesBuildPhase;
			buildActionMask = 2147483647;
			files = (
				46D1BB5D227C4B1C00219006 /* Mobile_ApplicationTests.swift in Sources */,
			);
			runOnlyForDeploymentPostprocessing = 0;
		};
		46D1BB5F227C4B1C00219006 /* Sources */ = {
			isa = PBXSourcesBuildPhase;
			buildActionMask = 2147483647;
			files = (
				46D1BB68227C4B1C00219006 /* Mobile_ApplicationUITests.swift in Sources */,
			);
			runOnlyForDeploymentPostprocessing = 0;
		};
/* End PBXSourcesBuildPhase section */

/* Begin PBXTargetDependency section */
		46D1BB5A227C4B1C00219006 /* PBXTargetDependency */ = {
			isa = PBXTargetDependency;
			target = 46D1BB43227C4B1B00219006 /* Mobile-Application */;
			targetProxy = 46D1BB59227C4B1C00219006 /* PBXContainerItemProxy */;
		};
		46D1BB65227C4B1C00219006 /* PBXTargetDependency */ = {
			isa = PBXTargetDependency;
			target = 46D1BB43227C4B1B00219006 /* Mobile-Application */;
			targetProxy = 46D1BB64227C4B1C00219006 /* PBXContainerItemProxy */;
		};
/* End PBXTargetDependency section */

/* Begin PBXVariantGroup section */
		46D1BB4B227C4B1B00219006 /* Main.storyboard */ = {
			isa = PBXVariantGroup;
			children = (
				46D1BB4C227C4B1B00219006 /* Base */,
				C4BA6940228EA7F300AB01AC /* it */,
				C4BA6945228EAF9000AB01AC /* en */,
			);
			name = Main.storyboard;
			sourceTree = "<group>";
		};
		46D1BB50227C4B1C00219006 /* LaunchScreen.storyboard */ = {
			isa = PBXVariantGroup;
			children = (
				46D1BB51227C4B1C00219006 /* Base */,
				C4BA6941228EA7F300AB01AC /* it */,
			);
			name = LaunchScreen.storyboard;
			sourceTree = "<group>";
		};
/* End PBXVariantGroup section */

/* Begin XCBuildConfiguration section */
		46D1BB6A227C4B1C00219006 /* Debug */ = {
			isa = XCBuildConfiguration;
			buildSettings = {
				ALWAYS_SEARCH_USER_PATHS = NO;
				CLANG_ANALYZER_LOCALIZABILITY_NONLOCALIZED = YES;
				CLANG_ANALYZER_NONNULL = YES;
				CLANG_ANALYZER_NUMBER_OBJECT_CONVERSION = YES_AGGRESSIVE;
				CLANG_CXX_LANGUAGE_STANDARD = "gnu++14";
				CLANG_CXX_LIBRARY = "libc++";
				CLANG_ENABLE_MODULES = YES;
				CLANG_ENABLE_OBJC_ARC = YES;
				CLANG_ENABLE_OBJC_WEAK = YES;
				CLANG_WARN_BLOCK_CAPTURE_AUTORELEASING = YES;
				CLANG_WARN_BOOL_CONVERSION = YES;
				CLANG_WARN_COMMA = YES;
				CLANG_WARN_CONSTANT_CONVERSION = YES;
				CLANG_WARN_DEPRECATED_OBJC_IMPLEMENTATIONS = YES;
				CLANG_WARN_DIRECT_OBJC_ISA_USAGE = YES_ERROR;
				CLANG_WARN_DOCUMENTATION_COMMENTS = YES;
				CLANG_WARN_EMPTY_BODY = YES;
				CLANG_WARN_ENUM_CONVERSION = YES;
				CLANG_WARN_INFINITE_RECURSION = YES;
				CLANG_WARN_INT_CONVERSION = YES;
				CLANG_WARN_NON_LITERAL_NULL_CONVERSION = YES;
				CLANG_WARN_OBJC_IMPLICIT_RETAIN_SELF = YES;
				CLANG_WARN_OBJC_LITERAL_CONVERSION = YES;
				CLANG_WARN_OBJC_ROOT_CLASS = YES_ERROR;
				CLANG_WARN_RANGE_LOOP_ANALYSIS = YES;
				CLANG_WARN_STRICT_PROTOTYPES = YES;
				CLANG_WARN_SUSPICIOUS_MOVE = YES;
				CLANG_WARN_UNGUARDED_AVAILABILITY = YES_AGGRESSIVE;
				CLANG_WARN_UNREACHABLE_CODE = YES;
				CLANG_WARN__DUPLICATE_METHOD_MATCH = YES;
				CODE_SIGN_IDENTITY = "iPhone Developer";
				COPY_PHASE_STRIP = NO;
				DEBUG_INFORMATION_FORMAT = dwarf;
				ENABLE_STRICT_OBJC_MSGSEND = YES;
				ENABLE_TESTABILITY = YES;
				GCC_C_LANGUAGE_STANDARD = gnu11;
				GCC_DYNAMIC_NO_PIC = NO;
				GCC_NO_COMMON_BLOCKS = YES;
				GCC_OPTIMIZATION_LEVEL = 0;
				GCC_PREPROCESSOR_DEFINITIONS = (
					"DEBUG=1",
					"$(inherited)",
				);
				GCC_WARN_64_TO_32_BIT_CONVERSION = YES;
				GCC_WARN_ABOUT_RETURN_TYPE = YES_ERROR;
				GCC_WARN_UNDECLARED_SELECTOR = YES;
				GCC_WARN_UNINITIALIZED_AUTOS = YES_AGGRESSIVE;
				GCC_WARN_UNUSED_FUNCTION = YES;
				GCC_WARN_UNUSED_VARIABLE = YES;
				IPHONEOS_DEPLOYMENT_TARGET = 12.2;
				MTL_ENABLE_DEBUG_INFO = INCLUDE_SOURCE;
				MTL_FAST_MATH = YES;
				ONLY_ACTIVE_ARCH = YES;
				SDKROOT = iphoneos;
				SWIFT_ACTIVE_COMPILATION_CONDITIONS = DEBUG;
				SWIFT_OPTIMIZATION_LEVEL = "-Onone";
			};
			name = Debug;
		};
		46D1BB6B227C4B1C00219006 /* Release */ = {
			isa = XCBuildConfiguration;
			buildSettings = {
				ALWAYS_SEARCH_USER_PATHS = NO;
				CLANG_ANALYZER_LOCALIZABILITY_NONLOCALIZED = YES;
				CLANG_ANALYZER_NONNULL = YES;
				CLANG_ANALYZER_NUMBER_OBJECT_CONVERSION = YES_AGGRESSIVE;
				CLANG_CXX_LANGUAGE_STANDARD = "gnu++14";
				CLANG_CXX_LIBRARY = "libc++";
				CLANG_ENABLE_MODULES = YES;
				CLANG_ENABLE_OBJC_ARC = YES;
				CLANG_ENABLE_OBJC_WEAK = YES;
				CLANG_WARN_BLOCK_CAPTURE_AUTORELEASING = YES;
				CLANG_WARN_BOOL_CONVERSION = YES;
				CLANG_WARN_COMMA = YES;
				CLANG_WARN_CONSTANT_CONVERSION = YES;
				CLANG_WARN_DEPRECATED_OBJC_IMPLEMENTATIONS = YES;
				CLANG_WARN_DIRECT_OBJC_ISA_USAGE = YES_ERROR;
				CLANG_WARN_DOCUMENTATION_COMMENTS = YES;
				CLANG_WARN_EMPTY_BODY = YES;
				CLANG_WARN_ENUM_CONVERSION = YES;
				CLANG_WARN_INFINITE_RECURSION = YES;
				CLANG_WARN_INT_CONVERSION = YES;
				CLANG_WARN_NON_LITERAL_NULL_CONVERSION = YES;
				CLANG_WARN_OBJC_IMPLICIT_RETAIN_SELF = YES;
				CLANG_WARN_OBJC_LITERAL_CONVERSION = YES;
				CLANG_WARN_OBJC_ROOT_CLASS = YES_ERROR;
				CLANG_WARN_RANGE_LOOP_ANALYSIS = YES;
				CLANG_WARN_STRICT_PROTOTYPES = YES;
				CLANG_WARN_SUSPICIOUS_MOVE = YES;
				CLANG_WARN_UNGUARDED_AVAILABILITY = YES_AGGRESSIVE;
				CLANG_WARN_UNREACHABLE_CODE = YES;
				CLANG_WARN__DUPLICATE_METHOD_MATCH = YES;
				CODE_SIGN_IDENTITY = "iPhone Developer";
				COPY_PHASE_STRIP = NO;
				DEBUG_INFORMATION_FORMAT = "dwarf-with-dsym";
				ENABLE_NS_ASSERTIONS = NO;
				ENABLE_STRICT_OBJC_MSGSEND = YES;
				GCC_C_LANGUAGE_STANDARD = gnu11;
				GCC_NO_COMMON_BLOCKS = YES;
				GCC_WARN_64_TO_32_BIT_CONVERSION = YES;
				GCC_WARN_ABOUT_RETURN_TYPE = YES_ERROR;
				GCC_WARN_UNDECLARED_SELECTOR = YES;
				GCC_WARN_UNINITIALIZED_AUTOS = YES_AGGRESSIVE;
				GCC_WARN_UNUSED_FUNCTION = YES;
				GCC_WARN_UNUSED_VARIABLE = YES;
				IPHONEOS_DEPLOYMENT_TARGET = 12.2;
				MTL_ENABLE_DEBUG_INFO = NO;
				MTL_FAST_MATH = YES;
				SDKROOT = iphoneos;
				SWIFT_COMPILATION_MODE = wholemodule;
				SWIFT_OPTIMIZATION_LEVEL = "-O";
				VALIDATE_PRODUCT = YES;
			};
			name = Release;
		};
		46D1BB6D227C4B1C00219006 /* Debug */ = {
			isa = XCBuildConfiguration;
			baseConfigurationReference = 7447D0FCC0EACB4D3D8D3DC6 /* Pods-Mobile-Application.debug.xcconfig */;
			buildSettings = {
				ASSETCATALOG_COMPILER_APPICON_NAME = AppIcon;
				CODE_SIGN_STYLE = Automatic;
				DEVELOPMENT_TEAM = S678LF8LX2;
				INFOPLIST_FILE = "Mobile-Application/Info.plist";
				IPHONEOS_DEPLOYMENT_TARGET = 12.2;
				LD_RUNPATH_SEARCH_PATHS = (
					"$(inherited)",
					"@executable_path/Frameworks",
				);
				NEW_SETTING = "";
				PRODUCT_BUNDLE_IDENTIFIER = "FebboFerreri.Mobile-Application";
				PRODUCT_NAME = "$(TARGET_NAME)";
				SWIFT_VERSION = 5.0;
				TARGETED_DEVICE_FAMILY = "1,2";
				nin = "";
			};
			name = Debug;
		};
		46D1BB6E227C4B1C00219006 /* Release */ = {
			isa = XCBuildConfiguration;
			baseConfigurationReference = DB5288A42B5D8564B869E54A /* Pods-Mobile-Application.release.xcconfig */;
			buildSettings = {
				ASSETCATALOG_COMPILER_APPICON_NAME = AppIcon;
				CODE_SIGN_STYLE = Automatic;
				DEVELOPMENT_TEAM = S678LF8LX2;
				INFOPLIST_FILE = "Mobile-Application/Info.plist";
				IPHONEOS_DEPLOYMENT_TARGET = 12.2;
				LD_RUNPATH_SEARCH_PATHS = (
					"$(inherited)",
					"@executable_path/Frameworks",
				);
				NEW_SETTING = "";
				PRODUCT_BUNDLE_IDENTIFIER = "FebboFerreri.Mobile-Application";
				PRODUCT_NAME = "$(TARGET_NAME)";
				SWIFT_VERSION = 5.0;
				TARGETED_DEVICE_FAMILY = "1,2";
				nin = "";
			};
			name = Release;
		};
		46D1BB70227C4B1C00219006 /* Debug */ = {
			isa = XCBuildConfiguration;
			baseConfigurationReference = DC5C1F6E8B508F1E76A5E199 /* Pods-Mobile-ApplicationTests.debug.xcconfig */;
			buildSettings = {
				ALWAYS_EMBED_SWIFT_STANDARD_LIBRARIES = YES;
				BUNDLE_LOADER = "$(TEST_HOST)";
				CODE_SIGN_STYLE = Automatic;
				DEVELOPMENT_TEAM = 77AULKH6P3;
				INFOPLIST_FILE = "Mobile-ApplicationTests/Info.plist";
				LD_RUNPATH_SEARCH_PATHS = (
					"$(inherited)",
					"@executable_path/Frameworks",
					"@loader_path/Frameworks",
				);
				PRODUCT_BUNDLE_IDENTIFIER = "FebboFerreri.Mobile-ApplicationTests";
				PRODUCT_NAME = "$(TARGET_NAME)";
				SWIFT_VERSION = 5.0;
				TARGETED_DEVICE_FAMILY = "1,2";
				TEST_HOST = "$(BUILT_PRODUCTS_DIR)/Mobile-Application.app/Mobile-Application";
			};
			name = Debug;
		};
		46D1BB71227C4B1C00219006 /* Release */ = {
			isa = XCBuildConfiguration;
			baseConfigurationReference = 857B67A118FB5370A4820EDF /* Pods-Mobile-ApplicationTests.release.xcconfig */;
			buildSettings = {
				ALWAYS_EMBED_SWIFT_STANDARD_LIBRARIES = YES;
				BUNDLE_LOADER = "$(TEST_HOST)";
				CODE_SIGN_STYLE = Automatic;
				DEVELOPMENT_TEAM = 77AULKH6P3;
				INFOPLIST_FILE = "Mobile-ApplicationTests/Info.plist";
				LD_RUNPATH_SEARCH_PATHS = (
					"$(inherited)",
					"@executable_path/Frameworks",
					"@loader_path/Frameworks",
				);
				PRODUCT_BUNDLE_IDENTIFIER = "FebboFerreri.Mobile-ApplicationTests";
				PRODUCT_NAME = "$(TARGET_NAME)";
				SWIFT_VERSION = 5.0;
				TARGETED_DEVICE_FAMILY = "1,2";
				TEST_HOST = "$(BUILT_PRODUCTS_DIR)/Mobile-Application.app/Mobile-Application";
			};
			name = Release;
		};
		46D1BB73227C4B1C00219006 /* Debug */ = {
			isa = XCBuildConfiguration;
			baseConfigurationReference = B32F614BACCDB841940F2269 /* Pods-Mobile-ApplicationUITests.debug.xcconfig */;
			buildSettings = {
				ALWAYS_EMBED_SWIFT_STANDARD_LIBRARIES = YES;
				CODE_SIGN_STYLE = Automatic;
				DEVELOPMENT_TEAM = 77AULKH6P3;
				INFOPLIST_FILE = "Mobile-ApplicationUITests/Info.plist";
				LD_RUNPATH_SEARCH_PATHS = (
					"$(inherited)",
					"@executable_path/Frameworks",
					"@loader_path/Frameworks",
				);
				PRODUCT_BUNDLE_IDENTIFIER = "FebboFerreri.Mobile-ApplicationUITests";
				PRODUCT_NAME = "$(TARGET_NAME)";
				SWIFT_VERSION = 5.0;
				TARGETED_DEVICE_FAMILY = "1,2";
				TEST_TARGET_NAME = "Mobile-Application";
			};
			name = Debug;
		};
		46D1BB74227C4B1C00219006 /* Release */ = {
			isa = XCBuildConfiguration;
			baseConfigurationReference = 78A00105BB3D2A256BD64D34 /* Pods-Mobile-ApplicationUITests.release.xcconfig */;
			buildSettings = {
				ALWAYS_EMBED_SWIFT_STANDARD_LIBRARIES = YES;
				CODE_SIGN_STYLE = Automatic;
				DEVELOPMENT_TEAM = 77AULKH6P3;
				INFOPLIST_FILE = "Mobile-ApplicationUITests/Info.plist";
				LD_RUNPATH_SEARCH_PATHS = (
					"$(inherited)",
					"@executable_path/Frameworks",
					"@loader_path/Frameworks",
				);
				PRODUCT_BUNDLE_IDENTIFIER = "FebboFerreri.Mobile-ApplicationUITests";
				PRODUCT_NAME = "$(TARGET_NAME)";
				SWIFT_VERSION = 5.0;
				TARGETED_DEVICE_FAMILY = "1,2";
				TEST_TARGET_NAME = "Mobile-Application";
			};
			name = Release;
		};
/* End XCBuildConfiguration section */

/* Begin XCConfigurationList section */
		46D1BB3F227C4B1B00219006 /* Build configuration list for PBXProject "Mobile-Application" */ = {
			isa = XCConfigurationList;
			buildConfigurations = (
				46D1BB6A227C4B1C00219006 /* Debug */,
				46D1BB6B227C4B1C00219006 /* Release */,
			);
			defaultConfigurationIsVisible = 0;
			defaultConfigurationName = Release;
		};
		46D1BB6C227C4B1C00219006 /* Build configuration list for PBXNativeTarget "Mobile-Application" */ = {
			isa = XCConfigurationList;
			buildConfigurations = (
				46D1BB6D227C4B1C00219006 /* Debug */,
				46D1BB6E227C4B1C00219006 /* Release */,
			);
			defaultConfigurationIsVisible = 0;
			defaultConfigurationName = Release;
		};
		46D1BB6F227C4B1C00219006 /* Build configuration list for PBXNativeTarget "Mobile-ApplicationTests" */ = {
			isa = XCConfigurationList;
			buildConfigurations = (
				46D1BB70227C4B1C00219006 /* Debug */,
				46D1BB71227C4B1C00219006 /* Release */,
			);
			defaultConfigurationIsVisible = 0;
			defaultConfigurationName = Release;
		};
		46D1BB72227C4B1C00219006 /* Build configuration list for PBXNativeTarget "Mobile-ApplicationUITests" */ = {
			isa = XCConfigurationList;
			buildConfigurations = (
				46D1BB73227C4B1C00219006 /* Debug */,
				46D1BB74227C4B1C00219006 /* Release */,
			);
			defaultConfigurationIsVisible = 0;
			defaultConfigurationName = Release;
		};
/* End XCConfigurationList section */
	};
	rootObject = 46D1BB3C227C4B1B00219006 /* Project object */;
}
